{
  "name": "zwbetz",
  "lockfileVersion": 2,
  "requires": true,
  "packages": {
    "": {
      "name": "zwbetz",
      "dependencies": {
        "@gouch/to-title-case": "^2.2.1",
        "prettier": "^2.5.1"
      }
    },
    "node_modules/@gouch/to-title-case": {
      "version": "2.2.1",
      "resolved": "https://registry.npmjs.org/@gouch/to-title-case/-/to-title-case-2.2.1.tgz",
      "integrity": "sha512-i/Hj91LfiE2pxYdIT0Ttdc/fIzdBwojDNQe6S6/N/Uf3xMmn0lWO+iLkAd84zs/NUGfTLsMUacDZzSy6N4jkcw=="
    },
    "node_modules/prettier": {
      "version": "2.5.1",
      "resolved": "https://registry.npmjs.org/prettier/-/prettier-2.5.1.tgz",
      "integrity": "sha512-vBZcPRUR5MZJwoyi3ZoyQlc1rXeEck8KgeC9AwwOn+exuxLxq5toTRDTSaVrXHxelDMHy9zlicw8u66yxoSUFg==",
      "bin": {
        "prettier": "bin-prettier.js"
      },
      "engines": {
        "node": ">=10.13.0"
      }
    }
  },
  "dependencies": {
    "@gouch/to-title-case": {
      "version": "2.2.1",
      "resolved": "https://registry.npmjs.org/@gouch/to-title-case/-/to-title-case-2.2.1.tgz",
      "integrity": "sha512-i/Hj91LfiE2pxYdIT0Ttdc/fIzdBwojDNQe6S6/N/Uf3xMmn0lWO+iLkAd84zs/NUGfTLsMUacDZzSy6N4jkcw=="
    },
    "prettier": {
      "version": "2.5.1",
      "resolved": "https://registry.npmjs.org/prettier/-/prettier-2.5.1.tgz",
      "integrity": "sha512-vBZcPRUR5MZJwoyi3ZoyQlc1rXeEck8KgeC9AwwOn+exuxLxq5toTRDTSaVrXHxelDMHy9zlicw8u66yxoSUFg=="
    }
  }
}
